
Microsoft Visual Studio Solution File, Format Version 12.00
# Visual Studio Version 16
VisualStudioVersion = 16.0.31624.102
MinimumVisualStudioVersion = 10.0.40219.1
Project("{FAE04EC0-301F-11D3-BF4B-00C04F79EFBC}") = "alireader", "alireader.csproj", "{BDC7ABD9-7506-4B8B-AC00-EE408791E513}"
EndProject
Global
	GlobalSection(SolutionConfigurationPlatforms) = preSolution
		Debug|Any CPU = Debug|Any CPU
		Release|Any CPU = Release|Any CPU
	EndGlobalSection
	GlobalSection(ProjectConfigurationPlatforms) = postSolution
		{BDC7ABD9-7506-4B8B-AC00-EE408791E513}.Debug|Any CPU.ActiveCfg = Debug|Any CPU
		{BDC7ABD9-7506-4B8B-AC00-EE408791E513}.Debug|Any CPU.Build.0 = Debug|Any CPU
		{BDC7ABD9-7506-4B8B-AC00-EE408791E513}.Release|Any CPU.ActiveCfg = Release|Any CPU
		{BDC7ABD9-7506-4B8B-AC00-EE408791E513}.Release|Any CPU.Build.0 = Release|Any CPU
	EndGlobalSection
	GlobalSection(SolutionProperties) = preSolution
		HideSolutionNode = FALSE
	EndGlobalSection
	GlobalSection(ExtensibilityGlobals) = postSolution
		SolutionGuid = {74D2D5C3-D49D-47BA-8E7E-50E48DDE0D61}
	EndGlobalSection
EndGlobal
